
Microsoft Visual Studio Solution File, Format Version 12.00
# Visual Studio Version 17
VisualStudioVersion = 17.9.34701.34
MinimumVisualStudioVersion = 10.0.40219.1
Project("{FAE04EC0-301F-11D3-BF4B-00C04F79EFBC}") = "A13-DVDKolekcija-3", "A13-DVDKolekcija-3.csproj", "{804B5F5C-576F-4ED4-B053-CC8266466D6E}"
EndProject
Global
	GlobalSection(SolutionConfigurationPlatforms) = preSolution
		Debug|Any CPU = Debug|Any CPU
		Release|Any CPU = Release|Any CPU
	EndGlobalSection
	GlobalSection(ProjectConfigurationPlatforms) = postSolution
		{804B5F5C-576F-4ED4-B053-CC8266466D6E}.Debug|Any CPU.ActiveCfg = Debug|Any CPU
		{804B5F5C-576F-4ED4-B053-CC8266466D6E}.Debug|Any CPU.Build.0 = Debug|Any CPU
		{804B5F5C-576F-4ED4-B053-CC8266466D6E}.Release|Any CPU.ActiveCfg = Release|Any CPU
		{804B5F5C-576F-4ED4-B053-CC8266466D6E}.Release|Any CPU.Build.0 = Release|Any CPU
	EndGlobalSection
	GlobalSection(SolutionProperties) = preSolution
		HideSolutionNode = FALSE
	EndGlobalSection
	GlobalSection(ExtensibilityGlobals) = postSolution
		SolutionGuid = {345EFC41-08E8-4337-BD11-3285C88C2185}
	EndGlobalSection
EndGlobal
